<Solution>
  <Folder Name="/Task0/">
    <Project Path="Tyuiu.KorovinMK.Sprint1.Task0.V27.Lib/Tyuiu.KorovinMK.Sprint1.Task0.V27.Lib.csproj" />
    <Project Path="Tyuiu.KorovinMK.Sprint1.Task0.V27.Test/Tyuiu.KorovinMK.Sprint1.Task0.V27.Test.csproj" />
    <Project Path="Tyuiu.KorovinMK.Sprint1.Task0.V27/Tyuiu.KorovinMK.Sprint1.Task0.V27.csproj" />
  </Folder>
  <Folder Name="/Task1/">
    <Project Path="Tyuiu.KorovinMK.Sprint1.Task1.V3.Lib/Tyuiu.KorovinMK.Sprint1.Task1.V3.Lib.csproj" Id="c18538b0-3e87-4158-ad88-11a9e4bc1bc4" />
    <Project Path="Tyuiu.KorovinMK.Sprint1.Task1.V3.Test/Tyuiu.KorovinMK.Sprint1.Task1.V3.Test.csproj" Id="dd73a0b7-4d61-4ca2-8984-2cac38447480" />
    <Project Path="Tyuiu.KorovinMK.Sprint1.Task1.V3/Tyuiu.KorovinMK.Sprint1.Task1.V3.csproj" Id="c248d508-7097-497e-842b-fdccbdb59f7b" />
  </Folder>
</Solution>
