<Solution>
  <Folder Name="/Task0/">
    <Project Path="Tyuiu.KorovinMK.Sprint1.Task0.V27.Lib/Tyuiu.KorovinMK.Sprint1.Task0.V27.Lib.csproj" />
    <Project Path="Tyuiu.KorovinMK.Sprint1.Task0.V27.Test/Tyuiu.KorovinMK.Sprint1.Task0.V27.Test.csproj" />
    <Project Path="Tyuiu.KorovinMK.Sprint1.Task0.V27/Tyuiu.KorovinMK.Sprint1.Task0.V27.csproj" />
  </Folder>
  <Folder Name="/Task1/" />
</Solution>
