<Solution>
  <Folder Name="/Task0/">
    <Project Path="Tyuiu.KorovinMK.Sprint1.Task0.V27.Lib/Tyuiu.KorovinMK.Sprint1.Task0.V27.Lib.csproj" />
    <Project Path="Tyuiu.KorovinMK.Sprint1.Task0.V27.Test/Tyuiu.KorovinMK.Sprint1.Task0.V27.Test.csproj" />
    <Project Path="Tyuiu.KorovinMK.Sprint1.Task0.V27/Tyuiu.KorovinMK.Sprint1.Task0.V27.csproj" />
  </Folder>
  <Folder Name="/Task1/">
    <Project Path="Tyuiu.KorovinMK.Sprint1.Task1.V3.Lib/Tyuiu.KorovinMK.Sprint1.Task1.V3.Lib.csproj" Id="c18538b0-3e87-4158-ad88-11a9e4bc1bc4" />
    <Project Path="Tyuiu.KorovinMK.Sprint1.Task1.V3.Test/Tyuiu.KorovinMK.Sprint1.Task1.V3.Test.csproj" Id="dd73a0b7-4d61-4ca2-8984-2cac38447480" />
    <Project Path="Tyuiu.KorovinMK.Sprint1.Task1.V3/Tyuiu.KorovinMK.Sprint1.Task1.V3.csproj" Id="c248d508-7097-497e-842b-fdccbdb59f7b" />
  </Folder>
  <Folder Name="/Task2/">
    <Project Path="Tyuiu.KorovinMK.Sprint1.Task2.V1.Lib/Tyuiu.KorovinMK.Sprint1.Task2.V1.Lib.csproj" Id="ae0cb96e-ef08-4a8d-ab82-ddf87721644c" />
    <Project Path="Tyuiu.KorovinMK.Sprint1.Task2.V1.Test/Tyuiu.KorovinMK.Sprint1.Task2.V1.Test.csproj" Id="1f503bf4-8983-4220-b1dd-44076e8b82c2" />
    <Project Path="Tyuiu.KorovinMK.Sprint1.Task2.V1/Tyuiu.KorovinMK.Sprint1.Task2.V1.csproj" Id="c4449b55-9e4f-4788-b069-d437bcfc6a89" />
  </Folder>
  <Folder Name="/Task3/">
    <Project Path="Tyuiu.KorovinMK.Sprint1.Task3.V2.Lib/Tyuiu.KorovinMK.Sprint1.Task3.V2.Lib.csproj" Id="1c0ff225-7410-44be-b681-b60c1c20f0de" />
    <Project Path="Tyuiu.KorovinMK.Sprint1.Task3.V2.Test/Tyuiu.KorovinMK.Sprint1.Task3.V2.Test.csproj" Id="7c63c364-3e9b-4c53-87d6-4f859eabc008" />
    <Project Path="Tyuiu.KorovinMK.Sprint1.Task3.V2/Tyuiu.KorovinMK.Sprint1.Task3.V2.csproj" Id="e4998c57-8c22-441d-8bec-1576b8a1fbbe" />
  </Folder>
  <Folder Name="/Task4/">
    <Project Path="Tyuiu.KorovinMK.Sprint1.Task4.V22.Lib/Tyuiu.KorovinMK.Sprint1.Task4.V22.Lib.csproj" Id="49c28417-bacb-4de9-a4b1-671c60fdad84" />
    <Project Path="Tyuiu.KorovinMK.Sprint1.Task4.V22.Test/Tyuiu.KorovinMK.Sprint1.Task4.V22.Test.csproj" Id="a8d94fc7-9b20-4d17-aa88-b6fa9f5dae6f" />
    <Project Path="Tyuiu.KorovinMK.Sprint1.Task4.V22/Tyuiu.KorovinMK.Sprint1.Task4.V22.csproj" Id="19991620-535f-4c66-a3d2-5bd6ab046cca" />
  </Folder>
  <Folder Name="/Task5/">
    <Project Path="Tyuiu.KorovinMK.Sprint1.Task5.V3.Lib/Tyuiu.KorovinMK.Sprint1.Task5.V3.Lib.csproj" Id="39a9cd56-979f-44d4-b58a-868d308c9f0d" />
    <Project Path="Tyuiu.KorovinMK.Sprint1.Task5.V3.Test/Tyuiu.KorovinMK.Sprint1.Task5.V3.Test.csproj" Id="72ce13ca-313c-472d-afb0-f87baa7cf320" />
    <Project Path="Tyuiu.KorovinMK.Sprint1.Task5.V3/Tyuiu.KorovinMK.Sprint1.Task5.V3.csproj" Id="c7b06b08-a320-4a36-a334-6f1a24c34cf1" />
  </Folder>
</Solution>
